
Microsoft Visual Studio Solution File, Format Version 12.00
# Visual Studio Version 16
VisualStudioVersion = 16.0.28803.202
MinimumVisualStudioVersion = 10.0.40219.1
Project("{FAE04EC0-301F-11D3-BF4B-00C04F79EFBC}") = "DZ_6", "DZ_6\DZ_6.csproj", "{63C47B88-EB97-42E9-9455-1D967842FC63}"
EndProject
Global
	GlobalSection(SolutionConfigurationPlatforms) = preSolution
		Debug|Any CPU = Debug|Any CPU
		Release|Any CPU = Release|Any CPU
	EndGlobalSection
	GlobalSection(ProjectConfigurationPlatforms) = postSolution
		{63C47B88-EB97-42E9-9455-1D967842FC63}.Debug|Any CPU.ActiveCfg = Debug|Any CPU
		{63C47B88-EB97-42E9-9455-1D967842FC63}.Debug|Any CPU.Build.0 = Debug|Any CPU
		{63C47B88-EB97-42E9-9455-1D967842FC63}.Release|Any CPU.ActiveCfg = Release|Any CPU
		{63C47B88-EB97-42E9-9455-1D967842FC63}.Release|Any CPU.Build.0 = Release|Any CPU
	EndGlobalSection
	GlobalSection(SolutionProperties) = preSolution
		HideSolutionNode = FALSE
	EndGlobalSection
	GlobalSection(ExtensibilityGlobals) = postSolution
		SolutionGuid = {E8C4E3FF-EF4D-4064-A708-45650BAFA19E}
	EndGlobalSection
EndGlobal
